
Microsoft Visual Studio Solution File, Format Version 12.00
# Visual Studio Version 16
VisualStudioVersion = 16.0.29209.62
MinimumVisualStudioVersion = 10.0.40219.1
Project("{9A19103F-16F7-4668-BE54-9A1E7A4F7556}") = "Gremmer.Server.Host", "Gremmer.Server.Host\Gremmer.Server.Host.csproj", "{361E3299-3D62-430A-9247-90987F1A23CF}"
EndProject
Project("{9A19103F-16F7-4668-BE54-9A1E7A4F7556}") = "Gremmer.Server.Data", "Gremmer.Server.Data\Gremmer.Server.Data.csproj", "{717E3C38-1D12-49CE-A37D-439F0C7A84AF}"
EndProject
Project("{9A19103F-16F7-4668-BE54-9A1E7A4F7556}") = "Gremmer.Server.Services", "Gremmer.Server.Services\Gremmer.Server.Services.csproj", "{E8C7CF7B-AB3E-4F56-A49E-7D645BC64D24}"
EndProject
Global
	GlobalSection(SolutionConfigurationPlatforms) = preSolution
		Debug|Any CPU = Debug|Any CPU
		Release|Any CPU = Release|Any CPU
	EndGlobalSection
	GlobalSection(ProjectConfigurationPlatforms) = postSolution
		{361E3299-3D62-430A-9247-90987F1A23CF}.Debug|Any CPU.ActiveCfg = Debug|Any CPU
		{361E3299-3D62-430A-9247-90987F1A23CF}.Debug|Any CPU.Build.0 = Debug|Any CPU
		{361E3299-3D62-430A-9247-90987F1A23CF}.Release|Any CPU.ActiveCfg = Release|Any CPU
		{361E3299-3D62-430A-9247-90987F1A23CF}.Release|Any CPU.Build.0 = Release|Any CPU
		{717E3C38-1D12-49CE-A37D-439F0C7A84AF}.Debug|Any CPU.ActiveCfg = Debug|Any CPU
		{717E3C38-1D12-49CE-A37D-439F0C7A84AF}.Debug|Any CPU.Build.0 = Debug|Any CPU
		{717E3C38-1D12-49CE-A37D-439F0C7A84AF}.Release|Any CPU.ActiveCfg = Release|Any CPU
		{717E3C38-1D12-49CE-A37D-439F0C7A84AF}.Release|Any CPU.Build.0 = Release|Any CPU
		{E8C7CF7B-AB3E-4F56-A49E-7D645BC64D24}.Debug|Any CPU.ActiveCfg = Debug|Any CPU
		{E8C7CF7B-AB3E-4F56-A49E-7D645BC64D24}.Debug|Any CPU.Build.0 = Debug|Any CPU
		{E8C7CF7B-AB3E-4F56-A49E-7D645BC64D24}.Release|Any CPU.ActiveCfg = Release|Any CPU
		{E8C7CF7B-AB3E-4F56-A49E-7D645BC64D24}.Release|Any CPU.Build.0 = Release|Any CPU
	EndGlobalSection
	GlobalSection(SolutionProperties) = preSolution
		HideSolutionNode = FALSE
	EndGlobalSection
	GlobalSection(ExtensibilityGlobals) = postSolution
		SolutionGuid = {850CEE81-68F1-43B1-8F0B-43122EEFB995}
	EndGlobalSection
EndGlobal
